
Microsoft Visual Studio Solution File, Format Version 12.00
# Visual Studio 14
VisualStudioVersion = 14.0.25420.1
MinimumVisualStudioVersion = 10.0.40219.1
Project("{FAE04EC0-301F-11D3-BF4B-00C04F79EFBC}") = "Harjoitus1", "Harjoitukset\Harjoitus1.csproj", "{776767E2-D2C1-4AAB-AC42-1E7C50EBBBD2}"
EndProject
Project("{FAE04EC0-301F-11D3-BF4B-00C04F79EFBC}") = "Harjoitus2", "Harjoitus2\Harjoitus2.csproj", "{CF3A199B-92D1-4DDD-8717-771155E14815}"
EndProject
Project("{FAE04EC0-301F-11D3-BF4B-00C04F79EFBC}") = "Harjoitus3", "Harjoitus3\Harjoitus3.csproj", "{EDC0CAB0-8A49-4893-B6E1-9476E011B02E}"
EndProject
Project("{FAE04EC0-301F-11D3-BF4B-00C04F79EFBC}") = "Harjoitus4", "Harjoitus4\Harjoitus4.csproj", "{C40B0F94-6262-4118-9D4B-B47A39EBFA0F}"
EndProject
Project("{FAE04EC0-301F-11D3-BF4B-00C04F79EFBC}") = "Harjoitus5", "Harjoitus5\Harjoitus5.csproj", "{4E2920E5-F7F4-42B8-BA9E-75470D04B116}"
EndProject
Project("{FAE04EC0-301F-11D3-BF4B-00C04F79EFBC}") = "Harjoitus6", "Harjoitus6\Harjoitus6.csproj", "{C30987D4-77BE-48D9-BB0A-C8C29305112A}"
EndProject
Project("{FAE04EC0-301F-11D3-BF4B-00C04F79EFBC}") = "Harjoitus7", "Harjoitus7\Harjoitus7.csproj", "{8342102B-531F-40E8-9515-55AC949EB5F2}"
EndProject
Project("{FAE04EC0-301F-11D3-BF4B-00C04F79EFBC}") = "Harjoitus8", "Harjoitus8\Harjoitus8.csproj", "{1A72926C-8E80-4FBB-AA3D-B984641670C9}"
EndProject
Project("{FAE04EC0-301F-11D3-BF4B-00C04F79EFBC}") = "Harjoitus9", "Harjoitus9\Harjoitus9.csproj", "{27B884CA-4516-4F15-AD3A-D1636F1582C5}"
EndProject
Project("{FAE04EC0-301F-11D3-BF4B-00C04F79EFBC}") = "Harjoitus10", "Harjoitus10\Harjoitus10.csproj", "{A2B44734-1B41-4719-BA75-C721CC9015A6}"
EndProject
Project("{FAE04EC0-301F-11D3-BF4B-00C04F79EFBC}") = "Harjoitus11", "Harjoitus11\Harjoitus11.csproj", "{23456447-FD5C-4B25-BEF2-0484E276727E}"
EndProject
Project("{FAE04EC0-301F-11D3-BF4B-00C04F79EFBC}") = "Harjoitus12", "Harjoitus12\Harjoitus12.csproj", "{CC122C65-D343-454D-85AC-A324077C2A22}"
EndProject
Project("{FAE04EC0-301F-11D3-BF4B-00C04F79EFBC}") = "Harjoitus13", "Harjoitus13\Harjoitus13.csproj", "{E680D806-6AE4-4D67-A2D8-AB0AB05EA52F}"
EndProject
Project("{FAE04EC0-301F-11D3-BF4B-00C04F79EFBC}") = "Harjoitus14", "Harjoitus14\Harjoitus14.csproj", "{3F3C0BE5-AF98-478A-8EBB-F7DA3AC5FE0E}"
EndProject
Project("{FAE04EC0-301F-11D3-BF4B-00C04F79EFBC}") = "Harjoitus15", "Harjoitus15\Harjoitus15.csproj", "{CB91880C-2876-48BA-84FD-9CDD480E739B}"
EndProject
Project("{FAE04EC0-301F-11D3-BF4B-00C04F79EFBC}") = "Harjoitus16", "Harjoitus16\Harjoitus16.csproj", "{6B878416-8AF5-4C85-AC95-3FF6E6E2ED7F}"
EndProject
Project("{FAE04EC0-301F-11D3-BF4B-00C04F79EFBC}") = "Harjoitus17", "Harjoitus17\Harjoitus17.csproj", "{1B57C5BB-4269-4FC7-981A-29B6636FE6B4}"
EndProject
Project("{FAE04EC0-301F-11D3-BF4B-00C04F79EFBC}") = "Harjoitus18", "Harjoitus18\Harjoitus18.csproj", "{C756C312-8237-497E-BEBB-451551F09D8A}"
EndProject
Project("{FAE04EC0-301F-11D3-BF4B-00C04F79EFBC}") = "Harjoitus19", "Harjoitus19\Harjoitus19.csproj", "{D2B874B1-61BB-4FE4-AA55-86B776A28F2C}"
EndProject
Project("{FAE04EC0-301F-11D3-BF4B-00C04F79EFBC}") = "Harjoitus20", "Harjoitus20\Harjoitus20.csproj", "{0752A462-679C-44CF-983B-4873DB1B33B1}"
EndProject
Global
	GlobalSection(SolutionConfigurationPlatforms) = preSolution
		Debug|Any CPU = Debug|Any CPU
		Release|Any CPU = Release|Any CPU
	EndGlobalSection
	GlobalSection(ProjectConfigurationPlatforms) = postSolution
		{776767E2-D2C1-4AAB-AC42-1E7C50EBBBD2}.Debug|Any CPU.ActiveCfg = Debug|Any CPU
		{776767E2-D2C1-4AAB-AC42-1E7C50EBBBD2}.Debug|Any CPU.Build.0 = Debug|Any CPU
		{776767E2-D2C1-4AAB-AC42-1E7C50EBBBD2}.Release|Any CPU.ActiveCfg = Release|Any CPU
		{776767E2-D2C1-4AAB-AC42-1E7C50EBBBD2}.Release|Any CPU.Build.0 = Release|Any CPU
		{CF3A199B-92D1-4DDD-8717-771155E14815}.Debug|Any CPU.ActiveCfg = Debug|Any CPU
		{CF3A199B-92D1-4DDD-8717-771155E14815}.Debug|Any CPU.Build.0 = Debug|Any CPU
		{CF3A199B-92D1-4DDD-8717-771155E14815}.Release|Any CPU.ActiveCfg = Release|Any CPU
		{CF3A199B-92D1-4DDD-8717-771155E14815}.Release|Any CPU.Build.0 = Release|Any CPU
		{EDC0CAB0-8A49-4893-B6E1-9476E011B02E}.Debug|Any CPU.ActiveCfg = Debug|Any CPU
		{EDC0CAB0-8A49-4893-B6E1-9476E011B02E}.Debug|Any CPU.Build.0 = Debug|Any CPU
		{EDC0CAB0-8A49-4893-B6E1-9476E011B02E}.Release|Any CPU.ActiveCfg = Release|Any CPU
		{EDC0CAB0-8A49-4893-B6E1-9476E011B02E}.Release|Any CPU.Build.0 = Release|Any CPU
		{C40B0F94-6262-4118-9D4B-B47A39EBFA0F}.Debug|Any CPU.ActiveCfg = Debug|Any CPU
		{C40B0F94-6262-4118-9D4B-B47A39EBFA0F}.Debug|Any CPU.Build.0 = Debug|Any CPU
		{C40B0F94-6262-4118-9D4B-B47A39EBFA0F}.Release|Any CPU.ActiveCfg = Release|Any CPU
		{C40B0F94-6262-4118-9D4B-B47A39EBFA0F}.Release|Any CPU.Build.0 = Release|Any CPU
		{4E2920E5-F7F4-42B8-BA9E-75470D04B116}.Debug|Any CPU.ActiveCfg = Debug|Any CPU
		{4E2920E5-F7F4-42B8-BA9E-75470D04B116}.Debug|Any CPU.Build.0 = Debug|Any CPU
		{4E2920E5-F7F4-42B8-BA9E-75470D04B116}.Release|Any CPU.ActiveCfg = Release|Any CPU
		{4E2920E5-F7F4-42B8-BA9E-75470D04B116}.Release|Any CPU.Build.0 = Release|Any CPU
		{C30987D4-77BE-48D9-BB0A-C8C29305112A}.Debug|Any CPU.ActiveCfg = Debug|Any CPU
		{C30987D4-77BE-48D9-BB0A-C8C29305112A}.Debug|Any CPU.Build.0 = Debug|Any CPU
		{C30987D4-77BE-48D9-BB0A-C8C29305112A}.Release|Any CPU.ActiveCfg = Release|Any CPU
		{C30987D4-77BE-48D9-BB0A-C8C29305112A}.Release|Any CPU.Build.0 = Release|Any CPU
		{8342102B-531F-40E8-9515-55AC949EB5F2}.Debug|Any CPU.ActiveCfg = Debug|Any CPU
		{8342102B-531F-40E8-9515-55AC949EB5F2}.Debug|Any CPU.Build.0 = Debug|Any CPU
		{8342102B-531F-40E8-9515-55AC949EB5F2}.Release|Any CPU.ActiveCfg = Release|Any CPU
		{8342102B-531F-40E8-9515-55AC949EB5F2}.Release|Any CPU.Build.0 = Release|Any CPU
		{1A72926C-8E80-4FBB-AA3D-B984641670C9}.Debug|Any CPU.ActiveCfg = Debug|Any CPU
		{1A72926C-8E80-4FBB-AA3D-B984641670C9}.Debug|Any CPU.Build.0 = Debug|Any CPU
		{1A72926C-8E80-4FBB-AA3D-B984641670C9}.Release|Any CPU.ActiveCfg = Release|Any CPU
		{1A72926C-8E80-4FBB-AA3D-B984641670C9}.Release|Any CPU.Build.0 = Release|Any CPU
		{27B884CA-4516-4F15-AD3A-D1636F1582C5}.Debug|Any CPU.ActiveCfg = Debug|Any CPU
		{27B884CA-4516-4F15-AD3A-D1636F1582C5}.Debug|Any CPU.Build.0 = Debug|Any CPU
		{27B884CA-4516-4F15-AD3A-D1636F1582C5}.Release|Any CPU.ActiveCfg = Release|Any CPU
		{27B884CA-4516-4F15-AD3A-D1636F1582C5}.Release|Any CPU.Build.0 = Release|Any CPU
		{A2B44734-1B41-4719-BA75-C721CC9015A6}.Debug|Any CPU.ActiveCfg = Debug|Any CPU
		{A2B44734-1B41-4719-BA75-C721CC9015A6}.Debug|Any CPU.Build.0 = Debug|Any CPU
		{A2B44734-1B41-4719-BA75-C721CC9015A6}.Release|Any CPU.ActiveCfg = Release|Any CPU
		{A2B44734-1B41-4719-BA75-C721CC9015A6}.Release|Any CPU.Build.0 = Release|Any CPU
		{23456447-FD5C-4B25-BEF2-0484E276727E}.Debug|Any CPU.ActiveCfg = Debug|Any CPU
		{23456447-FD5C-4B25-BEF2-0484E276727E}.Debug|Any CPU.Build.0 = Debug|Any CPU
		{23456447-FD5C-4B25-BEF2-0484E276727E}.Release|Any CPU.ActiveCfg = Release|Any CPU
		{23456447-FD5C-4B25-BEF2-0484E276727E}.Release|Any CPU.Build.0 = Release|Any CPU
		{CC122C65-D343-454D-85AC-A324077C2A22}.Debug|Any CPU.ActiveCfg = Debug|Any CPU
		{CC122C65-D343-454D-85AC-A324077C2A22}.Debug|Any CPU.Build.0 = Debug|Any CPU
		{CC122C65-D343-454D-85AC-A324077C2A22}.Release|Any CPU.ActiveCfg = Release|Any CPU
		{CC122C65-D343-454D-85AC-A324077C2A22}.Release|Any CPU.Build.0 = Release|Any CPU
		{E680D806-6AE4-4D67-A2D8-AB0AB05EA52F}.Debug|Any CPU.ActiveCfg = Debug|Any CPU
		{E680D806-6AE4-4D67-A2D8-AB0AB05EA52F}.Debug|Any CPU.Build.0 = Debug|Any CPU
		{E680D806-6AE4-4D67-A2D8-AB0AB05EA52F}.Release|Any CPU.ActiveCfg = Release|Any CPU
		{E680D806-6AE4-4D67-A2D8-AB0AB05EA52F}.Release|Any CPU.Build.0 = Release|Any CPU
		{3F3C0BE5-AF98-478A-8EBB-F7DA3AC5FE0E}.Debug|Any CPU.ActiveCfg = Debug|Any CPU
		{3F3C0BE5-AF98-478A-8EBB-F7DA3AC5FE0E}.Debug|Any CPU.Build.0 = Debug|Any CPU
		{3F3C0BE5-AF98-478A-8EBB-F7DA3AC5FE0E}.Release|Any CPU.ActiveCfg = Release|Any CPU
		{3F3C0BE5-AF98-478A-8EBB-F7DA3AC5FE0E}.Release|Any CPU.Build.0 = Release|Any CPU
		{CB91880C-2876-48BA-84FD-9CDD480E739B}.Debug|Any CPU.ActiveCfg = Debug|Any CPU
		{CB91880C-2876-48BA-84FD-9CDD480E739B}.Debug|Any CPU.Build.0 = Debug|Any CPU
		{CB91880C-2876-48BA-84FD-9CDD480E739B}.Release|Any CPU.ActiveCfg = Release|Any CPU
		{CB91880C-2876-48BA-84FD-9CDD480E739B}.Release|Any CPU.Build.0 = Release|Any CPU
		{6B878416-8AF5-4C85-AC95-3FF6E6E2ED7F}.Debug|Any CPU.ActiveCfg = Debug|Any CPU
		{6B878416-8AF5-4C85-AC95-3FF6E6E2ED7F}.Debug|Any CPU.Build.0 = Debug|Any CPU
		{6B878416-8AF5-4C85-AC95-3FF6E6E2ED7F}.Release|Any CPU.ActiveCfg = Release|Any CPU
		{6B878416-8AF5-4C85-AC95-3FF6E6E2ED7F}.Release|Any CPU.Build.0 = Release|Any CPU
		{1B57C5BB-4269-4FC7-981A-29B6636FE6B4}.Debug|Any CPU.ActiveCfg = Debug|Any CPU
		{1B57C5BB-4269-4FC7-981A-29B6636FE6B4}.Debug|Any CPU.Build.0 = Debug|Any CPU
		{1B57C5BB-4269-4FC7-981A-29B6636FE6B4}.Release|Any CPU.ActiveCfg = Release|Any CPU
		{1B57C5BB-4269-4FC7-981A-29B6636FE6B4}.Release|Any CPU.Build.0 = Release|Any CPU
		{C756C312-8237-497E-BEBB-451551F09D8A}.Debug|Any CPU.ActiveCfg = Debug|Any CPU
		{C756C312-8237-497E-BEBB-451551F09D8A}.Debug|Any CPU.Build.0 = Debug|Any CPU
		{C756C312-8237-497E-BEBB-451551F09D8A}.Release|Any CPU.ActiveCfg = Release|Any CPU
		{C756C312-8237-497E-BEBB-451551F09D8A}.Release|Any CPU.Build.0 = Release|Any CPU
		{D2B874B1-61BB-4FE4-AA55-86B776A28F2C}.Debug|Any CPU.ActiveCfg = Debug|Any CPU
		{D2B874B1-61BB-4FE4-AA55-86B776A28F2C}.Debug|Any CPU.Build.0 = Debug|Any CPU
		{D2B874B1-61BB-4FE4-AA55-86B776A28F2C}.Release|Any CPU.ActiveCfg = Release|Any CPU
		{D2B874B1-61BB-4FE4-AA55-86B776A28F2C}.Release|Any CPU.Build.0 = Release|Any CPU
		{0752A462-679C-44CF-983B-4873DB1B33B1}.Debug|Any CPU.ActiveCfg = Debug|Any CPU
		{0752A462-679C-44CF-983B-4873DB1B33B1}.Debug|Any CPU.Build.0 = Debug|Any CPU
		{0752A462-679C-44CF-983B-4873DB1B33B1}.Release|Any CPU.ActiveCfg = Release|Any CPU
		{0752A462-679C-44CF-983B-4873DB1B33B1}.Release|Any CPU.Build.0 = Release|Any CPU
	EndGlobalSection
	GlobalSection(SolutionProperties) = preSolution
		HideSolutionNode = FALSE
	EndGlobalSection
EndGlobal
