
Microsoft Visual Studio Solution File, Format Version 12.00
# Visual Studio 14
VisualStudioVersion = 14.0.25420.1
MinimumVisualStudioVersion = 10.0.40219.1
Project("{FAE04EC0-301F-11D3-BF4B-00C04F79EFBC}") = "KT4", "KT4\KT4.csproj", "{C23BEE1E-EB98-4186-BE7D-C246D39A8E45}"
EndProject
Project("{FAE04EC0-301F-11D3-BF4B-00C04F79EFBC}") = "KT5", "KT5\KT5.csproj", "{6E65CB11-3EDE-49FF-8735-AA3E686D5BD9}"
EndProject
Project("{FAE04EC0-301F-11D3-BF4B-00C04F79EFBC}") = "KT1", "KT1\KT1.csproj", "{8863AB4E-ECA2-4722-A055-C2410762880F}"
EndProject
Project("{FAE04EC0-301F-11D3-BF4B-00C04F79EFBC}") = "KT2", "KT2\KT2.csproj", "{F90601C5-F90E-418A-BD06-A9DF686FDD1F}"
EndProject
Project("{FAE04EC0-301F-11D3-BF4B-00C04F79EFBC}") = "KT3", "KT3\KT3.csproj", "{E9D714E8-949B-464D-8D57-F961325AE751}"
EndProject
Project("{FAE04EC0-301F-11D3-BF4B-00C04F79EFBC}") = "KT6", "KT6\KT6.csproj", "{80470B4A-9155-43F6-865F-E04918C24D76}"
EndProject
Global
	GlobalSection(SolutionConfigurationPlatforms) = preSolution
		Debug|Any CPU = Debug|Any CPU
		Release|Any CPU = Release|Any CPU
	EndGlobalSection
	GlobalSection(ProjectConfigurationPlatforms) = postSolution
		{C23BEE1E-EB98-4186-BE7D-C246D39A8E45}.Debug|Any CPU.ActiveCfg = Debug|Any CPU
		{C23BEE1E-EB98-4186-BE7D-C246D39A8E45}.Debug|Any CPU.Build.0 = Debug|Any CPU
		{C23BEE1E-EB98-4186-BE7D-C246D39A8E45}.Release|Any CPU.ActiveCfg = Release|Any CPU
		{C23BEE1E-EB98-4186-BE7D-C246D39A8E45}.Release|Any CPU.Build.0 = Release|Any CPU
		{6E65CB11-3EDE-49FF-8735-AA3E686D5BD9}.Debug|Any CPU.ActiveCfg = Debug|Any CPU
		{6E65CB11-3EDE-49FF-8735-AA3E686D5BD9}.Debug|Any CPU.Build.0 = Debug|Any CPU
		{6E65CB11-3EDE-49FF-8735-AA3E686D5BD9}.Release|Any CPU.ActiveCfg = Release|Any CPU
		{6E65CB11-3EDE-49FF-8735-AA3E686D5BD9}.Release|Any CPU.Build.0 = Release|Any CPU
		{8863AB4E-ECA2-4722-A055-C2410762880F}.Debug|Any CPU.ActiveCfg = Debug|Any CPU
		{8863AB4E-ECA2-4722-A055-C2410762880F}.Debug|Any CPU.Build.0 = Debug|Any CPU
		{8863AB4E-ECA2-4722-A055-C2410762880F}.Release|Any CPU.ActiveCfg = Release|Any CPU
		{8863AB4E-ECA2-4722-A055-C2410762880F}.Release|Any CPU.Build.0 = Release|Any CPU
		{F90601C5-F90E-418A-BD06-A9DF686FDD1F}.Debug|Any CPU.ActiveCfg = Debug|Any CPU
		{F90601C5-F90E-418A-BD06-A9DF686FDD1F}.Debug|Any CPU.Build.0 = Debug|Any CPU
		{F90601C5-F90E-418A-BD06-A9DF686FDD1F}.Release|Any CPU.ActiveCfg = Release|Any CPU
		{F90601C5-F90E-418A-BD06-A9DF686FDD1F}.Release|Any CPU.Build.0 = Release|Any CPU
		{E9D714E8-949B-464D-8D57-F961325AE751}.Debug|Any CPU.ActiveCfg = Debug|Any CPU
		{E9D714E8-949B-464D-8D57-F961325AE751}.Debug|Any CPU.Build.0 = Debug|Any CPU
		{E9D714E8-949B-464D-8D57-F961325AE751}.Release|Any CPU.ActiveCfg = Release|Any CPU
		{E9D714E8-949B-464D-8D57-F961325AE751}.Release|Any CPU.Build.0 = Release|Any CPU
		{80470B4A-9155-43F6-865F-E04918C24D76}.Debug|Any CPU.ActiveCfg = Debug|Any CPU
		{80470B4A-9155-43F6-865F-E04918C24D76}.Debug|Any CPU.Build.0 = Debug|Any CPU
		{80470B4A-9155-43F6-865F-E04918C24D76}.Release|Any CPU.ActiveCfg = Release|Any CPU
		{80470B4A-9155-43F6-865F-E04918C24D76}.Release|Any CPU.Build.0 = Release|Any CPU
	EndGlobalSection
	GlobalSection(SolutionProperties) = preSolution
		HideSolutionNode = FALSE
	EndGlobalSection
EndGlobal
